// !$*UTF8*$!
{
	archiveVersion = 1;
	classes = {
	};
	objectVersion = 50;
	objects = {

/* Begin PBXBuildFile section */
		6FE1EE8A52EAA930F24ED24D /* Pods_rxswiftapp.framework in Frameworks */ = {isa = PBXBuildFile; fileRef = 22B30F8D5664304288B7A200 /* Pods_rxswiftapp.framework */; };
		90BB884A229D87EB00CEFA3C /* AppDelegate.swift in Sources */ = {isa = PBXBuildFile; fileRef = 90BB8849229D87EB00CEFA3C /* AppDelegate.swift */; };
		90BB884C229D87EB00CEFA3C /* ViewController.swift in Sources */ = {isa = PBXBuildFile; fileRef = 90BB884B229D87EB00CEFA3C /* ViewController.swift */; };
		90BB884F229D87EB00CEFA3C /* Main.storyboard in Resources */ = {isa = PBXBuildFile; fileRef = 90BB884D229D87EB00CEFA3C /* Main.storyboard */; };
		90BB8851229D87F400CEFA3C /* Assets.xcassets in Resources */ = {isa = PBXBuildFile; fileRef = 90BB8850229D87F400CEFA3C /* Assets.xcassets */; };
		90BB8854229D87F400CEFA3C /* LaunchScreen.storyboard in Resources */ = {isa = PBXBuildFile; fileRef = 90BB8852229D87F400CEFA3C /* LaunchScreen.storyboard */; };
/* End PBXBuildFile section */

/* Begin PBXFileReference section */
		22B30F8D5664304288B7A200 /* Pods_rxswiftapp.framework */ = {isa = PBXFileReference; explicitFileType = wrapper.framework; includeInIndex = 0; path = Pods_rxswiftapp.framework; sourceTree = BUILT_PRODUCTS_DIR; };
		77DF6A613376B9B268114B2E /* Pods-rxswiftapp.debug.xcconfig */ = {isa = PBXFileReference; includeInIndex = 1; lastKnownFileType = text.xcconfig; name = "Pods-rxswiftapp.debug.xcconfig"; path = "Target Support Files/Pods-rxswiftapp/Pods-rxswiftapp.debug.xcconfig"; sourceTree = "<group>"; };
		90BB8846229D87EB00CEFA3C /* rxswiftapp.app */ = {isa = PBXFileReference; explicitFileType = wrapper.application; includeInIndex = 0; path = rxswiftapp.app; sourceTree = BUILT_PRODUCTS_DIR; };
		90BB8849229D87EB00CEFA3C /* AppDelegate.swift */ = {isa = PBXFileReference; lastKnownFileType = sourcecode.swift; path = AppDelegate.swift; sourceTree = "<group>"; };
		90BB884B229D87EB00CEFA3C /* ViewController.swift */ = {isa = PBXFileReference; lastKnownFileType = sourcecode.swift; path = ViewController.swift; sourceTree = "<group>"; };
		90BB884E229D87EB00CEFA3C /* Base */ = {isa = PBXFileReference; lastKnownFileType = file.storyboard; name = Base; path = Base.lproj/Main.storyboard; sourceTree = "<group>"; };
		90BB8850229D87F400CEFA3C /* Assets.xcassets */ = {isa = PBXFileReference; lastKnownFileType = folder.assetcatalog; path = Assets.xcassets; sourceTree = "<group>"; };
		90BB8853229D87F400CEFA3C /* Base */ = {isa = PBXFileReference; lastKnownFileType = file.storyboard; name = Base; path = Base.lproj/LaunchScreen.storyboard; sourceTree = "<group>"; };
		90BB8855229D87F400CEFA3C /* Info.plist */ = {isa = PBXFileReference; lastKnownFileType = text.plist.xml; path = Info.plist; sourceTree = "<group>"; };
		D1EDCDF179885D217B0A0C1F /* Pods-rxswiftapp.release.xcconfig */ = {isa = PBXFileReference; includeInIndex = 1; lastKnownFileType = text.xcconfig; name = "Pods-rxswiftapp.release.xcconfig"; path = "Target Support Files/Pods-rxswiftapp/Pods-rxswiftapp.release.xcconfig"; sourceTree = "<group>"; };
/* End PBXFileReference section */

/* Begin PBXFrameworksBuildPhase section */
		90BB8843229D87EB00CEFA3C /* Frameworks */ = {
			isa = PBXFrameworksBuildPhase;
			buildActionMask = 2147483647;
			files = (
				6FE1EE8A52EAA930F24ED24D /* Pods_rxswiftapp.framework in Frameworks */,
			);
			runOnlyForDeploymentPostprocessing = 0;
		};
/* End PBXFrameworksBuildPhase section */

/* Begin PBXGroup section */
		90BB883D229D87EA00CEFA3C = {
			isa = PBXGroup;
			children = (
				90BB8848229D87EB00CEFA3C /* rxswiftapp */,
				90BB8847229D87EB00CEFA3C /* Products */,
				A6638B6D1388DEE14984E38D /* Pods */,
				B8C0E10B66017FE5583F9464 /* Frameworks */,
			);
			sourceTree = "<group>";
		};
		90BB8847229D87EB00CEFA3C /* Products */ = {
			isa = PBXGroup;
			children = (
				90BB8846229D87EB00CEFA3C /* rxswiftapp.app */,
			);
			name = Products;
			sourceTree = "<group>";
		};
		90BB8848229D87EB00CEFA3C /* rxswiftapp */ = {
			isa = PBXGroup;
			children = (
				90BB8849229D87EB00CEFA3C /* AppDelegate.swift */,
				90BB884B229D87EB00CEFA3C /* ViewController.swift */,
				90BB884D229D87EB00CEFA3C /* Main.storyboard */,
				90BB8850229D87F400CEFA3C /* Assets.xcassets */,
				90BB8852229D87F400CEFA3C /* LaunchScreen.storyboard */,
				90BB8855229D87F400CEFA3C /* Info.plist */,
			);
			path = rxswiftapp;
			sourceTree = "<group>";
		};
		A6638B6D1388DEE14984E38D /* Pods */ = {
			isa = PBXGroup;
			children = (
				77DF6A613376B9B268114B2E /* Pods-rxswiftapp.debug.xcconfig */,
				D1EDCDF179885D217B0A0C1F /* Pods-rxswiftapp.release.xcconfig */,
			);
			name = Pods;
			path = Pods;
			sourceTree = "<group>";
		};
		B8C0E10B66017FE5583F9464 /* Frameworks */ = {
			isa = PBXGroup;
			children = (
				22B30F8D5664304288B7A200 /* Pods_rxswiftapp.framework */,
			);
			name = Frameworks;
			sourceTree = "<group>";
		};
/* End PBXGroup section */

/* Begin PBXNativeTarget section */
		90BB8845229D87EB00CEFA3C /* rxswiftapp */ = {
			isa = PBXNativeTarget;
			buildConfigurationList = 90BB8858229D87F400CEFA3C /* Build configuration list for PBXNativeTarget "rxswiftapp" */;
			buildPhases = (
				7D1971E26E54D84CD8792892 /* [CP] Check Pods Manifest.lock */,
				90BB8842229D87EB00CEFA3C /* Sources */,
				90BB8843229D87EB00CEFA3C /* Frameworks */,
				90BB8844229D87EB00CEFA3C /* Resources */,
				EA335C893AAB5CF97A7CE7DD /* [CP] Embed Pods Frameworks */,
			);
			buildRules = (
			);
			dependencies = (
			);
			name = rxswiftapp;
			productName = rxswiftapp;
			productReference = 90BB8846229D87EB00CEFA3C /* rxswiftapp.app */;
			productType = "com.apple.product-type.application";
		};
/* End PBXNativeTarget section */

/* Begin PBXProject section */
		90BB883E229D87EA00CEFA3C /* Project object */ = {
			isa = PBXProject;
			attributes = {
				LastSwiftUpdateCheck = 1020;
				LastUpgradeCheck = 1020;
				ORGANIZATIONNAME = "Roman Siro";
				TargetAttributes = {
					90BB8845229D87EB00CEFA3C = {
						CreatedOnToolsVersion = 10.2;
					};
				};
			};
			buildConfigurationList = 90BB8841229D87EA00CEFA3C /* Build configuration list for PBXProject "rxswiftapp" */;
			compatibilityVersion = "Xcode 9.3";
			developmentRegion = en;
			hasScannedForEncodings = 0;
			knownRegions = (
				en,
				Base,
			);
			mainGroup = 90BB883D229D87EA00CEFA3C;
			productRefGroup = 90BB8847229D87EB00CEFA3C /* Products */;
			projectDirPath = "";
			projectRoot = "";
			targets = (
				90BB8845229D87EB00CEFA3C /* rxswiftapp */,
			);
		};
/* End PBXProject section */

/* Begin PBXResourcesBuildPhase section */
		90BB8844229D87EB00CEFA3C /* Resources */ = {
			isa = PBXResourcesBuildPhase;
			buildActionMask = 2147483647;
			files = (
				90BB8854229D87F400CEFA3C /* LaunchScreen.storyboard in Resources */,
				90BB8851229D87F400CEFA3C /* Assets.xcassets in Resources */,
				90BB884F229D87EB00CEFA3C /* Main.storyboard in Resources */,
			);
			runOnlyForDeploymentPostprocessing = 0;
		};
/* End PBXResourcesBuildPhase section */

/* Begin PBXShellScriptBuildPhase section */
		7D1971E26E54D84CD8792892 /* [CP] Check Pods Manifest.lock */ = {
			isa = PBXShellScriptBuildPhase;
			buildActionMask = 2147483647;
			files = (
			);
			inputFileListPaths = (
			);
			inputPaths = (
				"${PODS_PODFILE_DIR_PATH}/Podfile.lock",
				"${PODS_ROOT}/Manifest.lock",
			);
			name = "[CP] Check Pods Manifest.lock";
			outputFileListPaths = (
			);
			outputPaths = (
				"$(DERIVED_FILE_DIR)/Pods-rxswiftapp-checkManifestLockResult.txt",
			);
			runOnlyForDeploymentPostprocessing = 0;
			shellPath = /bin/sh;
			shellScript = "diff \"${PODS_PODFILE_DIR_PATH}/Podfile.lock\" \"${PODS_ROOT}/Manifest.lock\" > /dev/null\nif [ $? != 0 ] ; then\n    # print error to STDERR\n    echo \"error: The sandbox is not in sync with the Podfile.lock. Run 'pod install' or update your CocoaPods installation.\" >&2\n    exit 1\nfi\n# This output is used by Xcode 'outputs' to avoid re-running this script phase.\necho \"SUCCESS\" > \"${SCRIPT_OUTPUT_FILE_0}\"\n";
			showEnvVarsInLog = 0;
		};
		EA335C893AAB5CF97A7CE7DD /* [CP] Embed Pods Frameworks */ = {
			isa = PBXShellScriptBuildPhase;
			buildActionMask = 2147483647;
			files = (
			);
			inputFileListPaths = (
				"${PODS_ROOT}/Target Support Files/Pods-rxswiftapp/Pods-rxswiftapp-frameworks-${CONFIGURATION}-input-files.xcfilelist",
			);
			name = "[CP] Embed Pods Frameworks";
			outputFileListPaths = (
				"${PODS_ROOT}/Target Support Files/Pods-rxswiftapp/Pods-rxswiftapp-frameworks-${CONFIGURATION}-output-files.xcfilelist",
			);
			runOnlyForDeploymentPostprocessing = 0;
			shellPath = /bin/sh;
			shellScript = "\"${PODS_ROOT}/Target Support Files/Pods-rxswiftapp/Pods-rxswiftapp-frameworks.sh\"\n";
			showEnvVarsInLog = 0;
		};
/* End PBXShellScriptBuildPhase section */

/* Begin PBXSourcesBuildPhase section */
		90BB8842229D87EB00CEFA3C /* Sources */ = {
			isa = PBXSourcesBuildPhase;
			buildActionMask = 2147483647;
			files = (
				90BB884C229D87EB00CEFA3C /* ViewController.swift in Sources */,
				90BB884A229D87EB00CEFA3C /* AppDelegate.swift in Sources */,
			);
			runOnlyForDeploymentPostprocessing = 0;
		};
/* End PBXSourcesBuildPhase section */

/* Begin PBXVariantGroup section */
		90BB884D229D87EB00CEFA3C /* Main.storyboard */ = {
			isa = PBXVariantGroup;
			children = (
				90BB884E229D87EB00CEFA3C /* Base */,
			);
			name = Main.storyboard;
			sourceTree = "<group>";
		};
		90BB8852229D87F400CEFA3C /* LaunchScreen.storyboard */ = {
			isa = PBXVariantGroup;
			children = (
				90BB8853229D87F400CEFA3C /* Base */,
			);
			name = LaunchScreen.storyboard;
			sourceTree = "<group>";
		};
/* End PBXVariantGroup section */

/* Begin XCBuildConfiguration section */
		90BB8856229D87F400CEFA3C /* Debug */ = {
			isa = XCBuildConfiguration;
			buildSettings = {
				ALWAYS_SEARCH_USER_PATHS = NO;
				CLANG_ANALYZER_NONNULL = YES;
				CLANG_ANALYZER_NUMBER_OBJECT_CONVERSION = YES_AGGRESSIVE;
				CLANG_CXX_LANGUAGE_STANDARD = "gnu++14";
				CLANG_CXX_LIBRARY = "libc++";
				CLANG_ENABLE_MODULES = YES;
				CLANG_ENABLE_OBJC_ARC = YES;
				CLANG_ENABLE_OBJC_WEAK = YES;
				CLANG_WARN_BLOCK_CAPTURE_AUTORELEASING = YES;
				CLANG_WARN_BOOL_CONVERSION = YES;
				CLANG_WARN_COMMA = YES;
				CLANG_WARN_CONSTANT_CONVERSION = YES;
				CLANG_WARN_DEPRECATED_OBJC_IMPLEMENTATIONS = YES;
				CLANG_WARN_DIRECT_OBJC_ISA_USAGE = YES_ERROR;
				CLANG_WARN_DOCUMENTATION_COMMENTS = YES;
				CLANG_WARN_EMPTY_BODY = YES;
				CLANG_WARN_ENUM_CONVERSION = YES;
				CLANG_WARN_INFINITE_RECURSION = YES;
				CLANG_WARN_INT_CONVERSION = YES;
				CLANG_WARN_NON_LITERAL_NULL_CONVERSION = YES;
				CLANG_WARN_OBJC_IMPLICIT_RETAIN_SELF = YES;
				CLANG_WARN_OBJC_LITERAL_CONVERSION = YES;
				CLANG_WARN_OBJC_ROOT_CLASS = YES_ERROR;
				CLANG_WARN_RANGE_LOOP_ANALYSIS = YES;
				CLANG_WARN_STRICT_PROTOTYPES = YES;
				CLANG_WARN_SUSPICIOUS_MOVE = YES;
				CLANG_WARN_UNGUARDED_AVAILABILITY = YES_AGGRESSIVE;
				CLANG_WARN_UNREACHABLE_CODE = YES;
				CLANG_WARN__DUPLICATE_METHOD_MATCH = YES;
				CODE_SIGN_IDENTITY = "iPhone Developer";
				COPY_PHASE_STRIP = NO;
				DEBUG_INFORMATION_FORMAT = dwarf;
				ENABLE_STRICT_OBJC_MSGSEND = YES;
				ENABLE_TESTABILITY = YES;
				GCC_C_LANGUAGE_STANDARD = gnu11;
				GCC_DYNAMIC_NO_PIC = NO;
				GCC_NO_COMMON_BLOCKS = YES;
				GCC_OPTIMIZATION_LEVEL = 0;
				GCC_PREPROCESSOR_DEFINITIONS = (
					"DEBUG=1",
					"$(inherited)",
				);
				GCC_WARN_64_TO_32_BIT_CONVERSION = YES;
				GCC_WARN_ABOUT_RETURN_TYPE = YES_ERROR;
				GCC_WARN_UNDECLARED_SELECTOR = YES;
				GCC_WARN_UNINITIALIZED_AUTOS = YES_AGGRESSIVE;
				GCC_WARN_UNUSED_FUNCTION = YES;
				GCC_WARN_UNUSED_VARIABLE = YES;
				IPHONEOS_DEPLOYMENT_TARGET = 12.2;
				MTL_ENABLE_DEBUG_INFO = INCLUDE_SOURCE;
				MTL_FAST_MATH = YES;
				ONLY_ACTIVE_ARCH = YES;
				SDKROOT = iphoneos;
				SWIFT_ACTIVE_COMPILATION_CONDITIONS = DEBUG;
				SWIFT_OPTIMIZATION_LEVEL = "-Onone";
			};
			name = Debug;
		};
		90BB8857229D87F400CEFA3C /* Release */ = {
			isa = XCBuildConfiguration;
			buildSettings = {
				ALWAYS_SEARCH_USER_PATHS = NO;
				CLANG_ANALYZER_NONNULL = YES;
				CLANG_ANALYZER_NUMBER_OBJECT_CONVERSION = YES_AGGRESSIVE;
				CLANG_CXX_LANGUAGE_STANDARD = "gnu++14";
				CLANG_CXX_LIBRARY = "libc++";
				CLANG_ENABLE_MODULES = YES;
				CLANG_ENABLE_OBJC_ARC = YES;
				CLANG_ENABLE_OBJC_WEAK = YES;
				CLANG_WARN_BLOCK_CAPTURE_AUTORELEASING = YES;
				CLANG_WARN_BOOL_CONVERSION = YES;
				CLANG_WARN_COMMA = YES;
				CLANG_WARN_CONSTANT_CONVERSION = YES;
				CLANG_WARN_DEPRECATED_OBJC_IMPLEMENTATIONS = YES;
				CLANG_WARN_DIRECT_OBJC_ISA_USAGE = YES_ERROR;
				CLANG_WARN_DOCUMENTATION_COMMENTS = YES;
				CLANG_WARN_EMPTY_BODY = YES;
				CLANG_WARN_ENUM_CONVERSION = YES;
				CLANG_WARN_INFINITE_RECURSION = YES;
				CLANG_WARN_INT_CONVERSION = YES;
				CLANG_WARN_NON_LITERAL_NULL_CONVERSION = YES;
				CLANG_WARN_OBJC_IMPLICIT_RETAIN_SELF = YES;
				CLANG_WARN_OBJC_LITERAL_CONVERSION = YES;
				CLANG_WARN_OBJC_ROOT_CLASS = YES_ERROR;
				CLANG_WARN_RANGE_LOOP_ANALYSIS = YES;
				CLANG_WARN_STRICT_PROTOTYPES = YES;
				CLANG_WARN_SUSPICIOUS_MOVE = YES;
				CLANG_WARN_UNGUARDED_AVAILABILITY = YES_AGGRESSIVE;
				CLANG_WARN_UNREACHABLE_CODE = YES;
				CLANG_WARN__DUPLICATE_METHOD_MATCH = YES;
				CODE_SIGN_IDENTITY = "iPhone Developer";
				COPY_PHASE_STRIP = NO;
				DEBUG_INFORMATION_FORMAT = "dwarf-with-dsym";
				ENABLE_NS_ASSERTIONS = NO;
				ENABLE_STRICT_OBJC_MSGSEND = YES;
				GCC_C_LANGUAGE_STANDARD = gnu11;
				GCC_NO_COMMON_BLOCKS = YES;
				GCC_WARN_64_TO_32_BIT_CONVERSION = YES;
				GCC_WARN_ABOUT_RETURN_TYPE = YES_ERROR;
				GCC_WARN_UNDECLARED_SELECTOR = YES;
				GCC_WARN_UNINITIALIZED_AUTOS = YES_AGGRESSIVE;
				GCC_WARN_UNUSED_FUNCTION = YES;
				GCC_WARN_UNUSED_VARIABLE = YES;
				IPHONEOS_DEPLOYMENT_TARGET = 12.2;
				MTL_ENABLE_DEBUG_INFO = NO;
				MTL_FAST_MATH = YES;
				SDKROOT = iphoneos;
				SWIFT_COMPILATION_MODE = wholemodule;
				SWIFT_OPTIMIZATION_LEVEL = "-O";
				VALIDATE_PRODUCT = YES;
			};
			name = Release;
		};
		90BB8859229D87F400CEFA3C /* Debug */ = {
			isa = XCBuildConfiguration;
			baseConfigurationReference = 77DF6A613376B9B268114B2E /* Pods-rxswiftapp.debug.xcconfig */;
			buildSettings = {
				ASSETCATALOG_COMPILER_APPICON_NAME = AppIcon;
				CODE_SIGN_STYLE = Automatic;
				DEVELOPMENT_TEAM = 63M957ERC6;
				INFOPLIST_FILE = rxswiftapp/Info.plist;
				LD_RUNPATH_SEARCH_PATHS = (
					"$(inherited)",
					"@executable_path/Frameworks",
				);
				PRODUCT_BUNDLE_IDENTIFIER = siroroman.rxswiftapp;
				PRODUCT_NAME = "$(TARGET_NAME)";
				SWIFT_VERSION = 5.0;
				TARGETED_DEVICE_FAMILY = "1,2";
			};
			name = Debug;
		};
		90BB885A229D87F400CEFA3C /* Release */ = {
			isa = XCBuildConfiguration;
			baseConfigurationReference = D1EDCDF179885D217B0A0C1F /* Pods-rxswiftapp.release.xcconfig */;
			buildSettings = {
				ASSETCATALOG_COMPILER_APPICON_NAME = AppIcon;
				CODE_SIGN_STYLE = Automatic;
				DEVELOPMENT_TEAM = 63M957ERC6;
				INFOPLIST_FILE = rxswiftapp/Info.plist;
				LD_RUNPATH_SEARCH_PATHS = (
					"$(inherited)",
					"@executable_path/Frameworks",
				);
				PRODUCT_BUNDLE_IDENTIFIER = siroroman.rxswiftapp;
				PRODUCT_NAME = "$(TARGET_NAME)";
				SWIFT_VERSION = 5.0;
				TARGETED_DEVICE_FAMILY = "1,2";
			};
			name = Release;
		};
/* End XCBuildConfiguration section */

/* Begin XCConfigurationList section */
		90BB8841229D87EA00CEFA3C /* Build configuration list for PBXProject "rxswiftapp" */ = {
			isa = XCConfigurationList;
			buildConfigurations = (
				90BB8856229D87F400CEFA3C /* Debug */,
				90BB8857229D87F400CEFA3C /* Release */,
			);
			defaultConfigurationIsVisible = 0;
			defaultConfigurationName = Release;
		};
		90BB8858229D87F400CEFA3C /* Build configuration list for PBXNativeTarget "rxswiftapp" */ = {
			isa = XCConfigurationList;
			buildConfigurations = (
				90BB8859229D87F400CEFA3C /* Debug */,
				90BB885A229D87F400CEFA3C /* Release */,
			);
			defaultConfigurationIsVisible = 0;
			defaultConfigurationName = Release;
		};
/* End XCConfigurationList section */
	};
	rootObject = 90BB883E229D87EA00CEFA3C /* Project object */;
}
